# Bookforge-owned direct pins. MaxText's transitive dependency set is resolved
# inside the immutable container, then `verify_runtime.py` rejects drift in the
# inference-relevant stack before a run can start.
--extra-index-url https://download.pytorch.org/whl/cpu

jax[cuda12]==0.11.0
jaxlib==0.11.0
jax-cuda12-pjrt==0.11.0; sys_platform == "linux"
jax-cuda12-plugin==0.11.0; sys_platform == "linux"
flax==0.12.8
optax==0.2.8
orbax-checkpoint==0.12.2
datasets==5.0.1
huggingface-hub==1.26.0
safetensors==0.8.0
transformers==5.13.0
tensorboard==2.20.0
pydantic-settings==2.15.0
torch==2.10.0+cpu
google-cloud-storage==3.13.1
nvidia-nvtx-cu12==12.9.79; sys_platform == "linux"
nvidia-curand-cu12==10.3.10.19; sys_platform == "linux"
transformer-engine-jax==2.18.0; sys_platform == "linux"
# The image verifies this exact revision before pip runs. Installing from that
# checkout avoids a redundant, failure-prone GitHub clone during dependency
# resolution while preserving the immutable commit binding.
maxtext[cuda12] @ file:///opt/MaxText
